
Microsoft Visual Studio Solution File, Format Version 12.00
# Visual Studio Version 17
VisualStudioVersion = 17.10.35013.160
MinimumVisualStudioVersion = 10.0.40219.1
Project("{FAE04EC0-301F-11D3-BF4B-00C04F79EFBC}") = "TuplesExample", "TuplesExample.csproj", "{6C47010F-379A-4559-826C-D4776A1DCF88}"
EndProject
Global
	GlobalSection(SolutionConfigurationPlatforms) = preSolution
		Debug|Any CPU = Debug|Any CPU
		Release|Any CPU = Release|Any CPU
	EndGlobalSection
	GlobalSection(ProjectConfigurationPlatforms) = postSolution
		{6C47010F-379A-4559-826C-D4776A1DCF88}.Debug|Any CPU.ActiveCfg = Debug|Any CPU
		{6C47010F-379A-4559-826C-D4776A1DCF88}.Debug|Any CPU.Build.0 = Debug|Any CPU
		{6C47010F-379A-4559-826C-D4776A1DCF88}.Release|Any CPU.ActiveCfg = Release|Any CPU
		{6C47010F-379A-4559-826C-D4776A1DCF88}.Release|Any CPU.Build.0 = Release|Any CPU
	EndGlobalSection
	GlobalSection(SolutionProperties) = preSolution
		HideSolutionNode = FALSE
	EndGlobalSection
	GlobalSection(ExtensibilityGlobals) = postSolution
		SolutionGuid = {A87B0800-57AD-49A9-87C9-D67B7925F93F}
	EndGlobalSection
EndGlobal
